
Microsoft Visual Studio Solution File, Format Version 12.00
# Visual Studio 14
VisualStudioVersion = 14.0.25420.1
MinimumVisualStudioVersion = 10.0.40219.1
Project("{FAE04EC0-301F-11D3-BF4B-00C04F79EFBC}") = "Entidades", "Entidades\Entidades.csproj", "{B0D7EF4F-6A0F-4073-8C79-58413C2011F8}"
EndProject
Project("{FAE04EC0-301F-11D3-BF4B-00C04F79EFBC}") = "Gestoras", "Gestoras\Gestoras.csproj", "{E2044DDD-F84D-4823-91D1-4C55C82800B0}"
EndProject
Project("{FAE04EC0-301F-11D3-BF4B-00C04F79EFBC}") = "Interfaces", "Interfaces\Interfaces.csproj", "{EE8E2C44-ACE8-409C-B7E9-62CC07B82409}"
EndProject
Project("{FAE04EC0-301F-11D3-BF4B-00C04F79EFBC}") = "FabricaMapper", "FabricaMapper\FabricaMapper.csproj", "{99764B32-C356-41B2-80F5-6A85B43F4EEE}"
EndProject
Project("{FAE04EC0-301F-11D3-BF4B-00C04F79EFBC}") = "Mappers", "Mappers\Mappers.csproj", "{75D5C98F-265B-4435-9D9D-A46087690453}"
EndProject
Project("{F184B08F-C81C-45F6-A57F-5ABD9991F28F}") = "Manager", "Manager\Manager.vbproj", "{50F78F34-6348-492E-A983-EB11E9C1325B}"
EndProject
Project("{FAE04EC0-301F-11D3-BF4B-00C04F79EFBC}") = "Tools", "Tools\Tools.csproj", "{E1D33784-6FDE-472B-AF14-7087E88DFFE2}"
EndProject
Project("{FAE04EC0-301F-11D3-BF4B-00C04F79EFBC}") = "Reportes", "Reportes\Reportes.csproj", "{794A1B68-0DF5-4140-A845-F5E55438E4A0}"
EndProject
Project("{F184B08F-C81C-45F6-A57F-5ABD9991F28F}") = "SoftwareFacturacion", "SoftwareFacturacion\SoftwareFacturacion.vbproj", "{E2C47437-DA49-4186-8C4D-8626F87EF030}"
EndProject
Global
	GlobalSection(SolutionConfigurationPlatforms) = preSolution
		Debug|Any CPU = Debug|Any CPU
		Release|Any CPU = Release|Any CPU
	EndGlobalSection
	GlobalSection(ProjectConfigurationPlatforms) = postSolution
		{B0D7EF4F-6A0F-4073-8C79-58413C2011F8}.Debug|Any CPU.ActiveCfg = Debug|Any CPU
		{B0D7EF4F-6A0F-4073-8C79-58413C2011F8}.Debug|Any CPU.Build.0 = Debug|Any CPU
		{B0D7EF4F-6A0F-4073-8C79-58413C2011F8}.Release|Any CPU.ActiveCfg = Release|Any CPU
		{B0D7EF4F-6A0F-4073-8C79-58413C2011F8}.Release|Any CPU.Build.0 = Release|Any CPU
		{E2044DDD-F84D-4823-91D1-4C55C82800B0}.Debug|Any CPU.ActiveCfg = Debug|Any CPU
		{E2044DDD-F84D-4823-91D1-4C55C82800B0}.Debug|Any CPU.Build.0 = Debug|Any CPU
		{E2044DDD-F84D-4823-91D1-4C55C82800B0}.Release|Any CPU.ActiveCfg = Release|Any CPU
		{E2044DDD-F84D-4823-91D1-4C55C82800B0}.Release|Any CPU.Build.0 = Release|Any CPU
		{EE8E2C44-ACE8-409C-B7E9-62CC07B82409}.Debug|Any CPU.ActiveCfg = Debug|Any CPU
		{EE8E2C44-ACE8-409C-B7E9-62CC07B82409}.Debug|Any CPU.Build.0 = Debug|Any CPU
		{EE8E2C44-ACE8-409C-B7E9-62CC07B82409}.Release|Any CPU.ActiveCfg = Release|Any CPU
		{EE8E2C44-ACE8-409C-B7E9-62CC07B82409}.Release|Any CPU.Build.0 = Release|Any CPU
		{99764B32-C356-41B2-80F5-6A85B43F4EEE}.Debug|Any CPU.ActiveCfg = Debug|Any CPU
		{99764B32-C356-41B2-80F5-6A85B43F4EEE}.Debug|Any CPU.Build.0 = Debug|Any CPU
		{99764B32-C356-41B2-80F5-6A85B43F4EEE}.Release|Any CPU.ActiveCfg = Release|Any CPU
		{99764B32-C356-41B2-80F5-6A85B43F4EEE}.Release|Any CPU.Build.0 = Release|Any CPU
		{75D5C98F-265B-4435-9D9D-A46087690453}.Debug|Any CPU.ActiveCfg = Debug|Any CPU
		{75D5C98F-265B-4435-9D9D-A46087690453}.Debug|Any CPU.Build.0 = Debug|Any CPU
		{75D5C98F-265B-4435-9D9D-A46087690453}.Release|Any CPU.ActiveCfg = Release|Any CPU
		{75D5C98F-265B-4435-9D9D-A46087690453}.Release|Any CPU.Build.0 = Release|Any CPU
		{50F78F34-6348-492E-A983-EB11E9C1325B}.Debug|Any CPU.ActiveCfg = Debug|Any CPU
		{50F78F34-6348-492E-A983-EB11E9C1325B}.Debug|Any CPU.Build.0 = Debug|Any CPU
		{50F78F34-6348-492E-A983-EB11E9C1325B}.Release|Any CPU.ActiveCfg = Release|Any CPU
		{50F78F34-6348-492E-A983-EB11E9C1325B}.Release|Any CPU.Build.0 = Release|Any CPU
		{E1D33784-6FDE-472B-AF14-7087E88DFFE2}.Debug|Any CPU.ActiveCfg = Debug|Any CPU
		{E1D33784-6FDE-472B-AF14-7087E88DFFE2}.Debug|Any CPU.Build.0 = Debug|Any CPU
		{E1D33784-6FDE-472B-AF14-7087E88DFFE2}.Release|Any CPU.ActiveCfg = Release|Any CPU
		{E1D33784-6FDE-472B-AF14-7087E88DFFE2}.Release|Any CPU.Build.0 = Release|Any CPU
		{794A1B68-0DF5-4140-A845-F5E55438E4A0}.Debug|Any CPU.ActiveCfg = Debug|Any CPU
		{794A1B68-0DF5-4140-A845-F5E55438E4A0}.Debug|Any CPU.Build.0 = Debug|Any CPU
		{794A1B68-0DF5-4140-A845-F5E55438E4A0}.Release|Any CPU.ActiveCfg = Release|Any CPU
		{794A1B68-0DF5-4140-A845-F5E55438E4A0}.Release|Any CPU.Build.0 = Release|Any CPU
		{E2C47437-DA49-4186-8C4D-8626F87EF030}.Debug|Any CPU.ActiveCfg = Debug|Any CPU
		{E2C47437-DA49-4186-8C4D-8626F87EF030}.Debug|Any CPU.Build.0 = Debug|Any CPU
		{E2C47437-DA49-4186-8C4D-8626F87EF030}.Release|Any CPU.ActiveCfg = Release|Any CPU
		{E2C47437-DA49-4186-8C4D-8626F87EF030}.Release|Any CPU.Build.0 = Release|Any CPU
	EndGlobalSection
	GlobalSection(SolutionProperties) = preSolution
		HideSolutionNode = FALSE
	EndGlobalSection
EndGlobal
